
Microsoft Visual Studio Solution File, Format Version 12.00
# Visual Studio 15
VisualStudioVersion = 15.0.27130.2020
MinimumVisualStudioVersion = 10.0.40219.1
Project("{FAE04EC0-301F-11D3-BF4B-00C04F79EFBC}") = "MonogameJam2018", "MonogameJam2018\MonogameJam2018.csproj", "{78D5E7BF-4544-4547-A4EC-0AF8E8F42002}"
EndProject
Project("{FAE04EC0-301F-11D3-BF4B-00C04F79EFBC}") = "TiledSharp", "TiledSharp\TiledSharp.csproj", "{E4130F8D-D301-4E0C-916D-489C4A23C9B1}"
EndProject
Project("{FAE04EC0-301F-11D3-BF4B-00C04F79EFBC}") = "Monogame_Utilities", "Monogame_Utilities\Monogame_Utilities.csproj", "{35D95197-C20C-4970-9A06-41B08B1D243C}"
EndProject
Global
	GlobalSection(SolutionConfigurationPlatforms) = preSolution
		Debug|Any CPU = Debug|Any CPU
		Release|Any CPU = Release|Any CPU
	EndGlobalSection
	GlobalSection(ProjectConfigurationPlatforms) = postSolution
		{78D5E7BF-4544-4547-A4EC-0AF8E8F42002}.Debug|Any CPU.ActiveCfg = Debug|Any CPU
		{78D5E7BF-4544-4547-A4EC-0AF8E8F42002}.Debug|Any CPU.Build.0 = Debug|Any CPU
		{78D5E7BF-4544-4547-A4EC-0AF8E8F42002}.Release|Any CPU.ActiveCfg = Release|Any CPU
		{78D5E7BF-4544-4547-A4EC-0AF8E8F42002}.Release|Any CPU.Build.0 = Release|Any CPU
		{E4130F8D-D301-4E0C-916D-489C4A23C9B1}.Debug|Any CPU.ActiveCfg = Debug|Any CPU
		{E4130F8D-D301-4E0C-916D-489C4A23C9B1}.Debug|Any CPU.Build.0 = Debug|Any CPU
		{E4130F8D-D301-4E0C-916D-489C4A23C9B1}.Release|Any CPU.ActiveCfg = Release|Any CPU
		{E4130F8D-D301-4E0C-916D-489C4A23C9B1}.Release|Any CPU.Build.0 = Release|Any CPU
		{35D95197-C20C-4970-9A06-41B08B1D243C}.Debug|Any CPU.ActiveCfg = Debug|Any CPU
		{35D95197-C20C-4970-9A06-41B08B1D243C}.Debug|Any CPU.Build.0 = Debug|Any CPU
		{35D95197-C20C-4970-9A06-41B08B1D243C}.Release|Any CPU.ActiveCfg = Release|Any CPU
		{35D95197-C20C-4970-9A06-41B08B1D243C}.Release|Any CPU.Build.0 = Release|Any CPU
	EndGlobalSection
	GlobalSection(SolutionProperties) = preSolution
		HideSolutionNode = FALSE
	EndGlobalSection
	GlobalSection(ExtensibilityGlobals) = postSolution
		SolutionGuid = {F8488AB3-3E5E-490D-8BB7-3859C6B06D93}
	EndGlobalSection
EndGlobal
